# THIS IS AN AUTOGENERATED FILE. DO NOT EDIT THIS FILE DIRECTLY.
# yarn lockfile v1
# bun ./bun.lockb --hash: 5AC075A21377FAE8-3d8788c5319ee397-8BA979E6AB7E1FB5-f3ef96d845f78013


"@esbuild/aix-ppc64@0.21.5":
  version "0.21.5"
  resolved "https://registry.npmjs.org/@esbuild/aix-ppc64/-/aix-ppc64-0.21.5.tgz"
  integrity sha512-1SDgH6ZSPTlggy1yI6+Dbkiz8xzpHJEVAlF/AM1tHPLsf5STom9rwtjE4hKAF20FfXXNTFqEYXyJNWh1GiZedQ==

"@esbuild/android-arm@0.21.5":
  version "0.21.5"
  resolved "https://registry.npmjs.org/@esbuild/android-arm/-/android-arm-0.21.5.tgz"
  integrity sha512-vCPvzSjpPHEi1siZdlvAlsPxXl7WbOVUBBAowWug4rJHb68Ox8KualB+1ocNvT5fjv6wpkX6o/iEpbDrf68zcg==

"@esbuild/android-arm64@0.21.5":
  version "0.21.5"
  resolved "https://registry.npmjs.org/@esbuild/android-arm64/-/android-arm64-0.21.5.tgz"
  integrity sha512-c0uX9VAUBQ7dTDCjq+wdyGLowMdtR/GoC2U5IYk/7D1H1JYC0qseD7+11iMP2mRLN9RcCMRcjC4YMclCzGwS/A==

"@esbuild/android-x64@0.21.5":
  version "0.21.5"
  resolved "https://registry.npmjs.org/@esbuild/android-x64/-/android-x64-0.21.5.tgz"
  integrity sha512-D7aPRUUNHRBwHxzxRvp856rjUHRFW1SdQATKXH2hqA0kAZb1hKmi02OpYRacl0TxIGz/ZmXWlbZgjwWYaCakTA==

"@esbuild/darwin-arm64@0.21.5":
  version "0.21.5"
  resolved "https://registry.npmjs.org/@esbuild/darwin-arm64/-/darwin-arm64-0.21.5.tgz"
  integrity sha512-DwqXqZyuk5AiWWf3UfLiRDJ5EDd49zg6O9wclZ7kUMv2WRFr4HKjXp/5t8JZ11QbQfUS6/cRCKGwYhtNAY88kQ==

"@esbuild/darwin-x64@0.21.5":
  version "0.21.5"
  resolved "https://registry.npmjs.org/@esbuild/darwin-x64/-/darwin-x64-0.21.5.tgz"
  integrity sha512-se/JjF8NlmKVG4kNIuyWMV/22ZaerB+qaSi5MdrXtd6R08kvs2qCN4C09miupktDitvh8jRFflwGFBQcxZRjbw==

"@esbuild/freebsd-arm64@0.21.5":
  version "0.21.5"
  resolved "https://registry.npmjs.org/@esbuild/freebsd-arm64/-/freebsd-arm64-0.21.5.tgz"
  integrity sha512-5JcRxxRDUJLX8JXp/wcBCy3pENnCgBR9bN6JsY4OmhfUtIHe3ZW0mawA7+RDAcMLrMIZaf03NlQiX9DGyB8h4g==

"@esbuild/freebsd-x64@0.21.5":
  version "0.21.5"
  resolved "https://registry.npmjs.org/@esbuild/freebsd-x64/-/freebsd-x64-0.21.5.tgz"
  integrity sha512-J95kNBj1zkbMXtHVH29bBriQygMXqoVQOQYA+ISs0/2l3T9/kj42ow2mpqerRBxDJnmkUDCaQT/dfNXWX/ZZCQ==

"@esbuild/linux-arm@0.21.5":
  version "0.21.5"
  resolved "https://registry.npmjs.org/@esbuild/linux-arm/-/linux-arm-0.21.5.tgz"
  integrity sha512-bPb5AHZtbeNGjCKVZ9UGqGwo8EUu4cLq68E95A53KlxAPRmUyYv2D6F0uUI65XisGOL1hBP5mTronbgo+0bFcA==

"@esbuild/linux-arm64@0.21.5":
  version "0.21.5"
  resolved "https://registry.npmjs.org/@esbuild/linux-arm64/-/linux-arm64-0.21.5.tgz"
  integrity sha512-ibKvmyYzKsBeX8d8I7MH/TMfWDXBF3db4qM6sy+7re0YXya+K1cem3on9XgdT2EQGMu4hQyZhan7TeQ8XkGp4Q==

"@esbuild/linux-ia32@0.21.5":
  version "0.21.5"
  resolved "https://registry.npmjs.org/@esbuild/linux-ia32/-/linux-ia32-0.21.5.tgz"
  integrity sha512-YvjXDqLRqPDl2dvRODYmmhz4rPeVKYvppfGYKSNGdyZkA01046pLWyRKKI3ax8fbJoK5QbxblURkwK/MWY18Tg==

"@esbuild/linux-loong64@0.21.5":
  version "0.21.5"
  resolved "https://registry.npmjs.org/@esbuild/linux-loong64/-/linux-loong64-0.21.5.tgz"
  integrity sha512-uHf1BmMG8qEvzdrzAqg2SIG/02+4/DHB6a9Kbya0XDvwDEKCoC8ZRWI5JJvNdUjtciBGFQ5PuBlpEOXQj+JQSg==

"@esbuild/linux-mips64el@0.21.5":
  version "0.21.5"
  resolved "https://registry.npmjs.org/@esbuild/linux-mips64el/-/linux-mips64el-0.21.5.tgz"
  integrity sha512-IajOmO+KJK23bj52dFSNCMsz1QP1DqM6cwLUv3W1QwyxkyIWecfafnI555fvSGqEKwjMXVLokcV5ygHW5b3Jbg==

"@esbuild/linux-ppc64@0.21.5":
  version "0.21.5"
  resolved "https://registry.npmjs.org/@esbuild/linux-ppc64/-/linux-ppc64-0.21.5.tgz"
  integrity sha512-1hHV/Z4OEfMwpLO8rp7CvlhBDnjsC3CttJXIhBi+5Aj5r+MBvy4egg7wCbe//hSsT+RvDAG7s81tAvpL2XAE4w==

"@esbuild/linux-riscv64@0.21.5":
  version "0.21.5"
  resolved "https://registry.npmjs.org/@esbuild/linux-riscv64/-/linux-riscv64-0.21.5.tgz"
  integrity sha512-2HdXDMd9GMgTGrPWnJzP2ALSokE/0O5HhTUvWIbD3YdjME8JwvSCnNGBnTThKGEB91OZhzrJ4qIIxk/SBmyDDA==

"@esbuild/linux-s390x@0.21.5":
  version "0.21.5"
  resolved "https://registry.npmjs.org/@esbuild/linux-s390x/-/linux-s390x-0.21.5.tgz"
  integrity sha512-zus5sxzqBJD3eXxwvjN1yQkRepANgxE9lgOW2qLnmr8ikMTphkjgXu1HR01K4FJg8h1kEEDAqDcZQtbrRnB41A==

"@esbuild/linux-x64@0.21.5":
  version "0.21.5"
  resolved "https://registry.npmjs.org/@esbuild/linux-x64/-/linux-x64-0.21.5.tgz"
  integrity sha512-1rYdTpyv03iycF1+BhzrzQJCdOuAOtaqHTWJZCWvijKD2N5Xu0TtVC8/+1faWqcP9iBCWOmjmhoH94dH82BxPQ==

"@esbuild/netbsd-x64@0.21.5":
  version "0.21.5"
  resolved "https://registry.npmjs.org/@esbuild/netbsd-x64/-/netbsd-x64-0.21.5.tgz"
  integrity sha512-Woi2MXzXjMULccIwMnLciyZH4nCIMpWQAs049KEeMvOcNADVxo0UBIQPfSmxB3CWKedngg7sWZdLvLczpe0tLg==

"@esbuild/openbsd-x64@0.21.5":
  version "0.21.5"
  resolved "https://registry.npmjs.org/@esbuild/openbsd-x64/-/openbsd-x64-0.21.5.tgz"
  integrity sha512-HLNNw99xsvx12lFBUwoT8EVCsSvRNDVxNpjZ7bPn947b8gJPzeHWyNVhFsaerc0n3TsbOINvRP2byTZ5LKezow==

"@esbuild/sunos-x64@0.21.5":
  version "0.21.5"
  resolved "https://registry.npmjs.org/@esbuild/sunos-x64/-/sunos-x64-0.21.5.tgz"
  integrity sha512-6+gjmFpfy0BHU5Tpptkuh8+uw3mnrvgs+dSPQXQOv3ekbordwnzTVEb4qnIvQcYXq6gzkyTnoZ9dZG+D4garKg==

"@esbuild/win32-arm64@0.21.5":
  version "0.21.5"
  resolved "https://registry.npmjs.org/@esbuild/win32-arm64/-/win32-arm64-0.21.5.tgz"
  integrity sha512-Z0gOTd75VvXqyq7nsl93zwahcTROgqvuAcYDUr+vOv8uHhNSKROyU961kgtCD1e95IqPKSQKH7tBTslnS3tA8A==

"@esbuild/win32-ia32@0.21.5":
  version "0.21.5"
  resolved "https://registry.npmjs.org/@esbuild/win32-ia32/-/win32-ia32-0.21.5.tgz"
  integrity sha512-SWXFF1CL2RVNMaVs+BBClwtfZSvDgtL//G/smwAc5oVK/UPu2Gu9tIaRgFmYFFKrmg3SyAjSrElf0TiJ1v8fYA==

"@esbuild/win32-x64@0.21.5":
  version "0.21.5"
  resolved "https://registry.npmjs.org/@esbuild/win32-x64/-/win32-x64-0.21.5.tgz"
  integrity sha512-tQd/1efJuzPC6rCFwEvLtci/xNFcTZknmXs98FYDfGE4wP9ClFV98nyKrzJKVPMhdDnjzLhdUyMX4PsQAPjwIw==

"@inquirer/checkbox@^2.4.7":
  version "2.4.7"
  resolved "https://registry.npmjs.org/@inquirer/checkbox/-/checkbox-2.4.7.tgz"
  integrity sha512-5YwCySyV1UEgqzz34gNsC38eKxRBtlRDpJLlKcRtTjlYA/yDKuc1rfw+hjw+2WJxbAZtaDPsRl5Zk7J14SBoBw==
  dependencies:
    "@inquirer/core" "^9.0.10"
    "@inquirer/figures" "^1.0.5"
    "@inquirer/type" "^1.5.2"
    ansi-escapes "^4.3.2"
    yoctocolors-cjs "^2.1.2"

"@inquirer/confirm@^3.1.22":
  version "3.1.22"
  resolved "https://registry.npmjs.org/@inquirer/confirm/-/confirm-3.1.22.tgz"
  integrity sha512-gsAKIOWBm2Q87CDfs9fEo7wJT3fwWIJfnDGMn9Qy74gBnNFOACDNfhUzovubbJjWnKLGBln7/NcSmZwj5DuEXg==
  dependencies:
    "@inquirer/core" "^9.0.10"
    "@inquirer/type" "^1.5.2"

"@inquirer/core@^9.0.10":
  version "9.0.10"
  resolved "https://registry.npmjs.org/@inquirer/core/-/core-9.0.10.tgz"
  integrity sha512-TdESOKSVwf6+YWDz8GhS6nKscwzkIyakEzCLJ5Vh6O3Co2ClhCJ0A4MG909MUWfaWdpJm7DE45ii51/2Kat9tA==
  dependencies:
    "@inquirer/figures" "^1.0.5"
    "@inquirer/type" "^1.5.2"
    "@types/mute-stream" "^0.0.4"
    "@types/node" "^22.1.0"
    "@types/wrap-ansi" "^3.0.0"
    ansi-escapes "^4.3.2"
    cli-spinners "^2.9.2"
    cli-width "^4.1.0"
    mute-stream "^1.0.0"
    signal-exit "^4.1.0"
    strip-ansi "^6.0.1"
    wrap-ansi "^6.2.0"
    yoctocolors-cjs "^2.1.2"

"@inquirer/editor@^2.1.22":
  version "2.1.22"
  resolved "https://registry.npmjs.org/@inquirer/editor/-/editor-2.1.22.tgz"
  integrity sha512-K1QwTu7GCK+nKOVRBp5HY9jt3DXOfPGPr6WRDrPImkcJRelG9UTx2cAtK1liXmibRrzJlTWOwqgWT3k2XnS62w==
  dependencies:
    "@inquirer/core" "^9.0.10"
    "@inquirer/type" "^1.5.2"
    external-editor "^3.1.0"

"@inquirer/expand@^2.1.22":
  version "2.1.22"
  resolved "https://registry.npmjs.org/@inquirer/expand/-/expand-2.1.22.tgz"
  integrity sha512-wTZOBkzH+ItPuZ3ZPa9lynBsdMp6kQ9zbjVPYEtSBG7UulGjg2kQiAnUjgyG4SlntpTce5bOmXAPvE4sguXjpA==
  dependencies:
    "@inquirer/core" "^9.0.10"
    "@inquirer/type" "^1.5.2"
    yoctocolors-cjs "^2.1.2"

"@inquirer/figures@^1.0.5":
  version "1.0.5"
  resolved "https://registry.npmjs.org/@inquirer/figures/-/figures-1.0.5.tgz"
  integrity sha512-79hP/VWdZ2UVc9bFGJnoQ/lQMpL74mGgzSYX1xUqCVk7/v73vJCMw1VuyWN1jGkZ9B3z7THAbySqGbCNefcjfA==

"@inquirer/input@^2.2.9":
  version "2.2.9"
  resolved "https://registry.npmjs.org/@inquirer/input/-/input-2.2.9.tgz"
  integrity sha512-7Z6N+uzkWM7+xsE+3rJdhdG/+mQgejOVqspoW+w0AbSZnL6nq5tGMEVASaYVWbkoSzecABWwmludO2evU3d31g==
  dependencies:
    "@inquirer/core" "^9.0.10"
    "@inquirer/type" "^1.5.2"

"@inquirer/number@^1.0.10":
  version "1.0.10"
  resolved "https://registry.npmjs.org/@inquirer/number/-/number-1.0.10.tgz"
  integrity sha512-kWTxRF8zHjQOn2TJs+XttLioBih6bdc5CcosXIzZsrTY383PXI35DuhIllZKu7CdXFi2rz2BWPN9l0dPsvrQOA==
  dependencies:
    "@inquirer/core" "^9.0.10"
    "@inquirer/type" "^1.5.2"

"@inquirer/password@^2.1.22":
  version "2.1.22"
  resolved "https://registry.npmjs.org/@inquirer/password/-/password-2.1.22.tgz"
  integrity sha512-5Fxt1L9vh3rAKqjYwqsjU4DZsEvY/2Gll+QkqR4yEpy6wvzLxdSgFhUcxfDAOtO4BEoTreWoznC0phagwLU5Kw==
  dependencies:
    "@inquirer/core" "^9.0.10"
    "@inquirer/type" "^1.5.2"
    ansi-escapes "^4.3.2"

"@inquirer/prompts@^5.3.8":
  version "5.3.8"
  resolved "https://registry.npmjs.org/@inquirer/prompts/-/prompts-5.3.8.tgz"
  integrity sha512-b2BudQY/Si4Y2a0PdZZL6BeJtl8llgeZa7U2j47aaJSCeAl1e4UI7y8a9bSkO3o/ZbZrgT5muy/34JbsjfIWxA==
  dependencies:
    "@inquirer/checkbox" "^2.4.7"
    "@inquirer/confirm" "^3.1.22"
    "@inquirer/editor" "^2.1.22"
    "@inquirer/expand" "^2.1.22"
    "@inquirer/input" "^2.2.9"
    "@inquirer/number" "^1.0.10"
    "@inquirer/password" "^2.1.22"
    "@inquirer/rawlist" "^2.2.4"
    "@inquirer/search" "^1.0.7"
    "@inquirer/select" "^2.4.7"

"@inquirer/rawlist@^2.2.4":
  version "2.2.4"
  resolved "https://registry.npmjs.org/@inquirer/rawlist/-/rawlist-2.2.4.tgz"
  integrity sha512-pb6w9pWrm7EfnYDgQObOurh2d2YH07+eDo3xQBsNAM2GRhliz6wFXGi1thKQ4bN6B0xDd6C3tBsjdr3obsCl3Q==
  dependencies:
    "@inquirer/core" "^9.0.10"
    "@inquirer/type" "^1.5.2"
    yoctocolors-cjs "^2.1.2"

"@inquirer/search@^1.0.7":
  version "1.0.7"
  resolved "https://registry.npmjs.org/@inquirer/search/-/search-1.0.7.tgz"
  integrity sha512-p1wpV+3gd1eST/o5N3yQpYEdFNCzSP0Klrl+5bfD3cTTz8BGG6nf4Z07aBW0xjlKIj1Rp0y3x/X4cZYi6TfcLw==
  dependencies:
    "@inquirer/core" "^9.0.10"
    "@inquirer/figures" "^1.0.5"
    "@inquirer/type" "^1.5.2"
    yoctocolors-cjs "^2.1.2"

"@inquirer/select@^2.4.7":
  version "2.4.7"
  resolved "https://registry.npmjs.org/@inquirer/select/-/select-2.4.7.tgz"
  integrity sha512-JH7XqPEkBpNWp3gPCqWqY8ECbyMoFcCZANlL6pV9hf59qK6dGmkOlx1ydyhY+KZ0c5X74+W6Mtp+nm2QX0/MAQ==
  dependencies:
    "@inquirer/core" "^9.0.10"
    "@inquirer/figures" "^1.0.5"
    "@inquirer/type" "^1.5.2"
    ansi-escapes "^4.3.2"
    yoctocolors-cjs "^2.1.2"

"@inquirer/type@^1.5.2":
  version "1.5.2"
  resolved "https://registry.npmjs.org/@inquirer/type/-/type-1.5.2.tgz"
  integrity sha512-w9qFkumYDCNyDZmNQjf/n6qQuvQ4dMC3BJesY4oF+yr0CxR5vxujflAVeIcS6U336uzi9GM0kAfZlLrZ9UTkpA==
  dependencies:
    mute-stream "^1.0.0"

"@rollup/rollup-android-arm-eabi@4.21.2":
  version "4.21.2"
  resolved "https://registry.npmjs.org/@rollup/rollup-android-arm-eabi/-/rollup-android-arm-eabi-4.21.2.tgz"
  integrity sha512-fSuPrt0ZO8uXeS+xP3b+yYTCBUd05MoSp2N/MFOgjhhUhMmchXlpTQrTpI8T+YAwAQuK7MafsCOxW7VrPMrJcg==

"@rollup/rollup-android-arm64@4.21.2":
  version "4.21.2"
  resolved "https://registry.npmjs.org/@rollup/rollup-android-arm64/-/rollup-android-arm64-4.21.2.tgz"
  integrity sha512-xGU5ZQmPlsjQS6tzTTGwMsnKUtu0WVbl0hYpTPauvbRAnmIvpInhJtgjj3mcuJpEiuUw4v1s4BimkdfDWlh7gA==

"@rollup/rollup-darwin-arm64@4.21.2":
  version "4.21.2"
  resolved "https://registry.npmjs.org/@rollup/rollup-darwin-arm64/-/rollup-darwin-arm64-4.21.2.tgz"
  integrity sha512-99AhQ3/ZMxU7jw34Sq8brzXqWH/bMnf7ZVhvLk9QU2cOepbQSVTns6qoErJmSiAvU3InRqC2RRZ5ovh1KN0d0Q==

"@rollup/rollup-darwin-x64@4.21.2":
  version "4.21.2"
  resolved "https://registry.npmjs.org/@rollup/rollup-darwin-x64/-/rollup-darwin-x64-4.21.2.tgz"
  integrity sha512-ZbRaUvw2iN/y37x6dY50D8m2BnDbBjlnMPotDi/qITMJ4sIxNY33HArjikDyakhSv0+ybdUxhWxE6kTI4oX26w==

"@rollup/rollup-linux-arm-gnueabihf@4.21.2":
  version "4.21.2"
  resolved "https://registry.npmjs.org/@rollup/rollup-linux-arm-gnueabihf/-/rollup-linux-arm-gnueabihf-4.21.2.tgz"
  integrity sha512-ztRJJMiE8nnU1YFcdbd9BcH6bGWG1z+jP+IPW2oDUAPxPjo9dverIOyXz76m6IPA6udEL12reYeLojzW2cYL7w==

"@rollup/rollup-linux-arm-musleabihf@4.21.2":
  version "4.21.2"
  resolved "https://registry.npmjs.org/@rollup/rollup-linux-arm-musleabihf/-/rollup-linux-arm-musleabihf-4.21.2.tgz"
  integrity sha512-flOcGHDZajGKYpLV0JNc0VFH361M7rnV1ee+NTeC/BQQ1/0pllYcFmxpagltANYt8FYf9+kL6RSk80Ziwyhr7w==

"@rollup/rollup-linux-arm64-gnu@4.21.2":
  version "4.21.2"
  resolved "https://registry.npmjs.org/@rollup/rollup-linux-arm64-gnu/-/rollup-linux-arm64-gnu-4.21.2.tgz"
  integrity sha512-69CF19Kp3TdMopyteO/LJbWufOzqqXzkrv4L2sP8kfMaAQ6iwky7NoXTp7bD6/irKgknDKM0P9E/1l5XxVQAhw==

"@rollup/rollup-linux-arm64-musl@4.21.2":
  version "4.21.2"
  resolved "https://registry.npmjs.org/@rollup/rollup-linux-arm64-musl/-/rollup-linux-arm64-musl-4.21.2.tgz"
  integrity sha512-48pD/fJkTiHAZTnZwR0VzHrao70/4MlzJrq0ZsILjLW/Ab/1XlVUStYyGt7tdyIiVSlGZbnliqmult/QGA2O2w==

"@rollup/rollup-linux-powerpc64le-gnu@4.21.2":
  version "4.21.2"
  resolved "https://registry.npmjs.org/@rollup/rollup-linux-powerpc64le-gnu/-/rollup-linux-powerpc64le-gnu-4.21.2.tgz"
  integrity sha512-cZdyuInj0ofc7mAQpKcPR2a2iu4YM4FQfuUzCVA2u4HI95lCwzjoPtdWjdpDKyHxI0UO82bLDoOaLfpZ/wviyQ==

"@rollup/rollup-linux-riscv64-gnu@4.21.2":
  version "4.21.2"
  resolved "https://registry.npmjs.org/@rollup/rollup-linux-riscv64-gnu/-/rollup-linux-riscv64-gnu-4.21.2.tgz"
  integrity sha512-RL56JMT6NwQ0lXIQmMIWr1SW28z4E4pOhRRNqwWZeXpRlykRIlEpSWdsgNWJbYBEWD84eocjSGDu/XxbYeCmwg==

"@rollup/rollup-linux-s390x-gnu@4.21.2":
  version "4.21.2"
  resolved "https://registry.npmjs.org/@rollup/rollup-linux-s390x-gnu/-/rollup-linux-s390x-gnu-4.21.2.tgz"
  integrity sha512-PMxkrWS9z38bCr3rWvDFVGD6sFeZJw4iQlhrup7ReGmfn7Oukrr/zweLhYX6v2/8J6Cep9IEA/SmjXjCmSbrMQ==

"@rollup/rollup-linux-x64-gnu@4.21.2":
  version "4.21.2"
  resolved "https://registry.npmjs.org/@rollup/rollup-linux-x64-gnu/-/rollup-linux-x64-gnu-4.21.2.tgz"
  integrity sha512-B90tYAUoLhU22olrafY3JQCFLnT3NglazdwkHyxNDYF/zAxJt5fJUB/yBoWFoIQ7SQj+KLe3iL4BhOMa9fzgpw==

"@rollup/rollup-linux-x64-musl@4.21.2":
  version "4.21.2"
  resolved "https://registry.npmjs.org/@rollup/rollup-linux-x64-musl/-/rollup-linux-x64-musl-4.21.2.tgz"
  integrity sha512-7twFizNXudESmC9oneLGIUmoHiiLppz/Xs5uJQ4ShvE6234K0VB1/aJYU3f/4g7PhssLGKBVCC37uRkkOi8wjg==

"@rollup/rollup-win32-arm64-msvc@4.21.2":
  version "4.21.2"
  resolved "https://registry.npmjs.org/@rollup/rollup-win32-arm64-msvc/-/rollup-win32-arm64-msvc-4.21.2.tgz"
  integrity sha512-9rRero0E7qTeYf6+rFh3AErTNU1VCQg2mn7CQcI44vNUWM9Ze7MSRS/9RFuSsox+vstRt97+x3sOhEey024FRQ==

"@rollup/rollup-win32-ia32-msvc@4.21.2":
  version "4.21.2"
  resolved "https://registry.npmjs.org/@rollup/rollup-win32-ia32-msvc/-/rollup-win32-ia32-msvc-4.21.2.tgz"
  integrity sha512-5rA4vjlqgrpbFVVHX3qkrCo/fZTj1q0Xxpg+Z7yIo3J2AilW7t2+n6Q8Jrx+4MrYpAnjttTYF8rr7bP46BPzRw==

"@rollup/rollup-win32-x64-msvc@4.21.2":
  version "4.21.2"
  resolved "https://registry.npmjs.org/@rollup/rollup-win32-x64-msvc/-/rollup-win32-x64-msvc-4.21.2.tgz"
  integrity sha512-6UUxd0+SKomjdzuAcp+HAmxw1FlGBnl1v2yEPSabtx4lBfdXHDVsW7+lQkgz9cNFJGY3AWR7+V8P5BqkD9L9nA==

"@types/estree@1.0.5":
  version "1.0.5"
  resolved "https://registry.npmjs.org/@types/estree/-/estree-1.0.5.tgz"
  integrity sha512-/kYRxGDLWzHOB7q+wtSUQlFrtcdUccpfy+X+9iMBpHK8QLLhx2wIPYuS5DYtR9Wa/YlZAbIovy7qVdB1Aq6Lyw==

"@types/inquirer@^9.0.7":
  version "9.0.7"
  resolved "https://registry.npmjs.org/@types/inquirer/-/inquirer-9.0.7.tgz"
  integrity sha512-Q0zyBupO6NxGRZut/JdmqYKOnN95Eg5V8Csg3PGKkP+FnvsUZx1jAyK7fztIszxxMuoBA6E3KXWvdZVXIpx60g==
  dependencies:
    rxjs "^7.2.0"
    "@types/through" "*"

"@types/mute-stream@^0.0.4":
  version "0.0.4"
  resolved "https://registry.npmjs.org/@types/mute-stream/-/mute-stream-0.0.4.tgz"
  integrity sha512-CPM9nzrCPPJHQNA9keH9CVkVI+WR5kMa+7XEs5jcGQ0VoAGnLv242w8lIVgwAEfmE4oufJRaTc9PNLQl0ioAow==
  dependencies:
    "@types/node" "*"

"@types/node@*", "@types/node@^22.1.0":
  version "22.5.1"
  resolved "https://registry.npmjs.org/@types/node/-/node-22.5.1.tgz"
  integrity sha512-KkHsxej0j9IW1KKOOAA/XBA0z08UFSrRQHErzEfA3Vgq57eXIMYboIlHJuYIfd+lwCQjtKqUu3UnmKbtUc9yRw==
  dependencies:
    undici-types "~6.19.2"

"@types/through@*":
  version "0.0.33"
  resolved "https://registry.npmjs.org/@types/through/-/through-0.0.33.tgz"
  integrity sha512-HsJ+z3QuETzP3cswwtzt2vEIiHBk/dCcHGhbmG5X3ecnwFD/lPrMpliGXxSCg03L9AhrdwA4Oz/qfspkDW+xGQ==
  dependencies:
    "@types/node" "*"

"@types/wrap-ansi@^3.0.0":
  version "3.0.0"
  resolved "https://registry.npmjs.org/@types/wrap-ansi/-/wrap-ansi-3.0.0.tgz"
  integrity sha512-ltIpx+kM7g/MLRZfkbL7EsCEjfzCcScLpkg37eXEtx5kmrAKBkTJwd1GIAjDSL8wTpM6Hzn5YO4pSb91BEwu1g==

ansi-escapes@^4.3.2:
  version "4.3.2"
  resolved "https://registry.npmjs.org/ansi-escapes/-/ansi-escapes-4.3.2.tgz"
  integrity sha512-gKXj5ALrKWQLsYG9jlTRmR/xKluxHV+Z9QEwNIgCfM1/uwPMCuzVVnh5mwTd+OuBZcwSIMbqssNWRm1lE51QaQ==
  dependencies:
    type-fest "^0.21.3"

ansi-regex@^5.0.1:
  version "5.0.1"
  resolved "https://registry.npmjs.org/ansi-regex/-/ansi-regex-5.0.1.tgz"
  integrity sha512-quJQXlTSUGL2LH9SUXo8VwsY4soanhgo6LNSm84E1LBcE8s3O0wpdiRzyR9z/ZZJMlMWv37qOOb9pdJlMUEKFQ==

ansi-styles@^4.0.0, ansi-styles@^4.1.0:
  version "4.3.0"
  resolved "https://registry.npmjs.org/ansi-styles/-/ansi-styles-4.3.0.tgz"
  integrity sha512-zbB9rCJAT1rbjiVDb2hqKFHNYLxgtk8NURxZ3IZwD3F6NtxbXZQCnnSi1Lkx+IDohdPlFp222wVALIheZJQSEg==
  dependencies:
    color-convert "^2.0.1"

app-root-path@^3.1.0:
  version "3.1.0"
  resolved "https://registry.npmjs.org/app-root-path/-/app-root-path-3.1.0.tgz"
  integrity sha512-biN3PwB2gUtjaYy/isrU3aNWI5w+fAfvHkSvCKeQGxhmYpwKFUxudR3Yya+KqVRHBmEDYh+/lTozYCFbmzX4nA==

chalk@4.1.2:
  version "4.1.2"
  resolved "https://registry.npmjs.org/chalk/-/chalk-4.1.2.tgz"
  integrity sha512-oKnbhFyRIXpUuez8iBMmyEa4nbj4IOQyuhc/wy9kY7/WVPcwIO9VA668Pu8RkO7+0G76SLROeyw9CpQ061i4mA==
  dependencies:
    ansi-styles "^4.1.0"
    supports-color "^7.1.0"

chardet@^0.7.0:
  version "0.7.0"
  resolved "https://registry.npmjs.org/chardet/-/chardet-0.7.0.tgz"
  integrity sha512-mT8iDcrh03qDGRRmoA2hmBJnxpllMR+0/0qlzjqZES6NdiWDcZkCNAk4rPFZ9Q85r27unkiNNg8ZOiwZXBHwcA==

cli-spinners@^2.9.2:
  version "2.9.2"
  resolved "https://registry.npmjs.org/cli-spinners/-/cli-spinners-2.9.2.tgz"
  integrity sha512-ywqV+5MmyL4E7ybXgKys4DugZbX0FC6LnwrhjuykIjnK9k8OQacQ7axGKnjDXWNhns0xot3bZI5h55H8yo9cJg==

cli-width@^4.1.0:
  version "4.1.0"
  resolved "https://registry.npmjs.org/cli-width/-/cli-width-4.1.0.tgz"
  integrity sha512-ouuZd4/dm2Sw5Gmqy6bGyNNNe1qt9RpmxveLSO7KcgsTnU7RXfsw+/bukWGo1abgBiMAic068rclZsO4IWmmxQ==

color-convert@^2.0.1:
  version "2.0.1"
  resolved "https://registry.npmjs.org/color-convert/-/color-convert-2.0.1.tgz"
  integrity sha512-RRECPsj7iu/xb5oKYcsFHSppFNnsj/52OVTRKb4zP5onXwVF3zVmmToNcOfGC+CRDpfK/U584fMg38ZHCaElKQ==
  dependencies:
    color-name "~1.1.4"

color-name@~1.1.4:
  version "1.1.4"
  resolved "https://registry.npmjs.org/color-name/-/color-name-1.1.4.tgz"
  integrity sha512-dOy+3AuW3a2wNbZHIuMZpTcgjGuLU/uBL/ubcZF9OXbDo8ff4O8yVp5Bf0efS8uEoYo5q4Fx7dY9OgQGXgAsQA==

dotenv@^16.4.5:
  version "16.4.5"
  resolved "https://registry.npmjs.org/dotenv/-/dotenv-16.4.5.tgz"
  integrity sha512-ZmdL2rui+eB2YwhsWzjInR8LldtZHGDoQ1ugH85ppHKwpUHL7j7rN0Ti9NCnGiQbhaZ11FpR+7ao1dNsmduNUg==

emoji-regex@^8.0.0:
  version "8.0.0"
  resolved "https://registry.npmjs.org/emoji-regex/-/emoji-regex-8.0.0.tgz"
  integrity sha512-MSjYzcWNOA0ewAHpz0MxpYFvwg6yjy1NG3xteoqz644VCo/RPgnr1/GGt+ic3iJTzQ8Eu3TdM14SawnVUmGE6A==

esbuild@^0.21.3:
  version "0.21.5"
  resolved "https://registry.npmjs.org/esbuild/-/esbuild-0.21.5.tgz"
  integrity sha512-mg3OPMV4hXywwpoDxu3Qda5xCKQi+vCTZq8S9J/EpkhB2HzKXq4SNFZE3+NK93JYxc8VMSep+lOUSC/RVKaBqw==
  optionalDependencies:
    "@esbuild/aix-ppc64" "0.21.5"
    "@esbuild/linux-arm" "0.21.5"
    "@esbuild/linux-x64" "0.21.5"
    "@esbuild/sunos-x64" "0.21.5"
    "@esbuild/win32-x64" "0.21.5"
    "@esbuild/darwin-x64" "0.21.5"
    "@esbuild/linux-ia32" "0.21.5"
    "@esbuild/netbsd-x64" "0.21.5"
    "@esbuild/win32-ia32" "0.21.5"
    "@esbuild/android-arm" "0.21.5"
    "@esbuild/android-x64" "0.21.5"
    "@esbuild/freebsd-x64" "0.21.5"
    "@esbuild/linux-arm64" "0.21.5"
    "@esbuild/linux-ppc64" "0.21.5"
    "@esbuild/linux-s390x" "0.21.5"
    "@esbuild/openbsd-x64" "0.21.5"
    "@esbuild/win32-arm64" "0.21.5"
    "@esbuild/darwin-arm64" "0.21.5"
    "@esbuild/android-arm64" "0.21.5"
    "@esbuild/freebsd-arm64" "0.21.5"
    "@esbuild/linux-loong64" "0.21.5"
    "@esbuild/linux-riscv64" "0.21.5"
    "@esbuild/linux-mips64el" "0.21.5"

external-editor@^3.1.0:
  version "3.1.0"
  resolved "https://registry.npmjs.org/external-editor/-/external-editor-3.1.0.tgz"
  integrity sha512-hMQ4CX1p1izmuLYyZqLMO/qGNw10wSv9QDCPfzXfyFrOaCSSoRfqE1Kf1s5an66J5JZC62NewG+mK49jOCtQew==
  dependencies:
    chardet "^0.7.0"
    iconv-lite "^0.4.24"
    tmp "^0.0.33"

fs-extra@^11.2.0:
  version "11.2.0"
  resolved "https://registry.npmjs.org/fs-extra/-/fs-extra-11.2.0.tgz"
  integrity sha512-PmDi3uwK5nFuXh7XDTlVnS17xJS7vW36is2+w3xcv8SVxiB4NyATf4ctkVY5bkSjX0Y4nbvZCq1/EjtEyr9ktw==
  dependencies:
    graceful-fs "^4.2.0"
    jsonfile "^6.0.1"
    universalify "^2.0.0"

fsevents@~2.3.2, fsevents@~2.3.3:
  version "2.3.3"
  resolved "https://registry.npmjs.org/fsevents/-/fsevents-2.3.3.tgz"
  integrity sha512-5xoDfX+fL7faATnagmWPpbFtwh/R77WmMMqqHGS65C3vvB0YHrgF+B1YmZ3441tMj5n63k0212XNoJwzlhffQw==

graceful-fs@^4.1.6, graceful-fs@^4.2.0:
  version "4.2.11"
  resolved "https://registry.npmjs.org/graceful-fs/-/graceful-fs-4.2.11.tgz"
  integrity sha512-RbJ5/jmFcNNCcDV5o9eTnBLJ/HszWV0P73bc+Ff4nS/rJj+YaS6IGyiOL0VoBYX+l1Wrl3k63h/KrH+nhJ0XvQ==

has-flag@^4.0.0:
  version "4.0.0"
  resolved "https://registry.npmjs.org/has-flag/-/has-flag-4.0.0.tgz"
  integrity sha512-EykJT/Q1KjTWctppgIAgfSO0tKVuZUjhgMr17kqTumMl6Afv3EISleU7qZUzoXDFTAHTDC4NOoG/ZxU3EvlMPQ==

iconv-lite@^0.4.24:
  version "0.4.24"
  resolved "https://registry.npmjs.org/iconv-lite/-/iconv-lite-0.4.24.tgz"
  integrity sha512-v3MXnZAcvnywkTUEZomIActle7RXXeedOR31wwl7VlyoXO4Qi9arvSenNQWne1TcRwhCL1HwLI21bEqdpj8/rA==
  dependencies:
    safer-buffer ">= 2.1.2 < 3"

inquirer@^10.1.8:
  version "10.1.8"
  resolved "https://registry.npmjs.org/inquirer/-/inquirer-10.1.8.tgz"
  integrity sha512-syxGpOzLyqVeZi1KDBjRTnCn5PiGWySGHP0BbqXbqsEK0ckkZk3egAepEWslUjZXj0rhkUapVXM/IpADWe4D6w==
  dependencies:
    "@inquirer/prompts" "^5.3.8"
    "@inquirer/type" "^1.5.2"
    "@types/mute-stream" "^0.0.4"
    ansi-escapes "^4.3.2"
    mute-stream "^1.0.0"
    run-async "^3.0.0"
    rxjs "^7.8.1"

is-fullwidth-code-point@^3.0.0:
  version "3.0.0"
  resolved "https://registry.npmjs.org/is-fullwidth-code-point/-/is-fullwidth-code-point-3.0.0.tgz"
  integrity sha512-zymm5+u+sCsSWyD9qNaejV3DFvhCKclKdizYaJUuHA83RLjb7nSuGnddCHGv0hk+KY7BMAlsWeK4Ueg6EV6XQg==

jsonfile@^6.0.1:
  version "6.1.0"
  resolved "https://registry.npmjs.org/jsonfile/-/jsonfile-6.1.0.tgz"
  integrity sha512-5dgndWOriYSm5cnYaJNhalLNDKOqFwyDB/rr1E9ZsGciGvKPs8R2xYGCacuf3z6K1YKDz182fd+fY3cn3pMqXQ==
  dependencies:
    universalify "^2.0.0"
  optionalDependencies:
    graceful-fs "^4.1.6"

mute-stream@^1.0.0:
  version "1.0.0"
  resolved "https://registry.npmjs.org/mute-stream/-/mute-stream-1.0.0.tgz"
  integrity sha512-avsJQhyd+680gKXyG/sQc0nXaC6rBkPOfyHYcFb9+hdkqQkR9bdnkJ0AMZhke0oesPqIO+mFFJ+IdBc7mst4IA==

nanoid@^3.3.7:
  version "3.3.7"
  resolved "https://registry.npmjs.org/nanoid/-/nanoid-3.3.7.tgz"
  integrity sha512-eSRppjcPIatRIMC1U6UngP8XFcz8MQWGQdt1MTBQ7NaAmvXDfvNxbvWV3x2y6CdEUciCSsDHDQZbhYaB8QEo2g==

os-tmpdir@~1.0.2:
  version "1.0.2"
  resolved "https://registry.npmjs.org/os-tmpdir/-/os-tmpdir-1.0.2.tgz"
  integrity sha512-D2FR03Vir7FIu45XBY20mTb+/ZSWB00sjU9jdQXt83gDrI4Ztz5Fs7/yy74g2N5SVQY4xY1qDr4rNddwYRVX0g==

picocolors@^1.0.1:
  version "1.0.1"
  resolved "https://registry.npmjs.org/picocolors/-/picocolors-1.0.1.tgz"
  integrity sha512-anP1Z8qwhkbmu7MFP5iTt+wQKXgwzf7zTyGlcdzabySa9vd0Xt392U0rVmz9poOaBj0uHJKyyo9/upk0HrEQew==

postcss@^8.4.41:
  version "8.4.41"
  resolved "https://registry.npmjs.org/postcss/-/postcss-8.4.41.tgz"
  integrity sha512-TesUflQ0WKZqAvg52PWL6kHgLKP6xB6heTOdoYM0Wt2UHyxNa4K25EZZMgKns3BH1RLVbZCREPpLY0rhnNoHVQ==
  dependencies:
    nanoid "^3.3.7"
    picocolors "^1.0.1"
    source-map-js "^1.2.0"

rollup@^4.20.0:
  version "4.21.2"
  resolved "https://registry.npmjs.org/rollup/-/rollup-4.21.2.tgz"
  integrity sha512-e3TapAgYf9xjdLvKQCkQTnbTKd4a6jwlpQSJJFokHGaX2IVjoEqkIIhiQfqsi0cdwlOD+tQGuOd5AJkc5RngBw==
  dependencies:
    "@types/estree" "1.0.5"
  optionalDependencies:
    fsevents "~2.3.2"
    "@rollup/rollup-darwin-arm64" "4.21.2"
    "@rollup/rollup-android-arm64" "4.21.2"
    "@rollup/rollup-win32-arm64-msvc" "4.21.2"
    "@rollup/rollup-linux-arm64-gnu" "4.21.2"
    "@rollup/rollup-linux-arm64-musl" "4.21.2"
    "@rollup/rollup-android-arm-eabi" "4.21.2"
    "@rollup/rollup-linux-arm-gnueabihf" "4.21.2"
    "@rollup/rollup-linux-arm-musleabihf" "4.21.2"
    "@rollup/rollup-win32-ia32-msvc" "4.21.2"
    "@rollup/rollup-linux-riscv64-gnu" "4.21.2"
    "@rollup/rollup-linux-powerpc64le-gnu" "4.21.2"
    "@rollup/rollup-linux-s390x-gnu" "4.21.2"
    "@rollup/rollup-darwin-x64" "4.21.2"
    "@rollup/rollup-win32-x64-msvc" "4.21.2"
    "@rollup/rollup-linux-x64-gnu" "4.21.2"
    "@rollup/rollup-linux-x64-musl" "4.21.2"

run-async@^3.0.0:
  version "3.0.0"
  resolved "https://registry.npmjs.org/run-async/-/run-async-3.0.0.tgz"
  integrity sha512-540WwVDOMxA6dN6We19EcT9sc3hkXPw5mzRNGM3FkdN/vtE9NFvj5lFAPNwUDmJjXidm3v7TC1cTE7t17Ulm1Q==

rxjs@^7.2.0, rxjs@^7.8.1:
  version "7.8.1"
  resolved "https://registry.npmjs.org/rxjs/-/rxjs-7.8.1.tgz"
  integrity sha512-AA3TVj+0A2iuIoQkWEK/tqFjBq2j+6PO6Y0zJcvzLAFhEFIO3HL0vls9hWLncZbAAbK0mar7oZ4V079I/qPMxg==
  dependencies:
    tslib "^2.1.0"

"safer-buffer@>= 2.1.2 < 3":
  version "2.1.2"
  resolved "https://registry.npmjs.org/safer-buffer/-/safer-buffer-2.1.2.tgz"
  integrity sha512-YZo3K82SD7Riyi0E1EQPojLz7kpepnSQI9IyPbHHg1XXXevb5dJI7tpyN2ADxGcQbHG7vcyRHk0cbwqcQriUtg==

signal-exit@^4.1.0:
  version "4.1.0"
  resolved "https://registry.npmjs.org/signal-exit/-/signal-exit-4.1.0.tgz"
  integrity sha512-bzyZ1e88w9O1iNJbKnOlvYTrWPDl46O1bG0D3XInv+9tkPrxrN8jUUTiFlDkkmKWgn1M6CfIA13SuGqOa9Korw==

source-map-js@^1.2.0:
  version "1.2.0"
  resolved "https://registry.npmjs.org/source-map-js/-/source-map-js-1.2.0.tgz"
  integrity sha512-itJW8lvSA0TXEphiRoawsCksnlf8SyvmFzIhltqAHluXd88pkCd+cXJVHTDwdCr0IzwptSm035IHQktUu1QUMg==

string-width@^4.1.0:
  version "4.2.3"
  resolved "https://registry.npmjs.org/string-width/-/string-width-4.2.3.tgz"
  integrity sha512-wKyQRQpjJ0sIp62ErSZdGsjMJWsap5oRNihHhu6G7JVO/9jIB6UyevL+tXuOqrng8j/cxKTWyWUwvSTriiZz/g==
  dependencies:
    strip-ansi "^6.0.1"
    emoji-regex "^8.0.0"
    is-fullwidth-code-point "^3.0.0"

strip-ansi@^6.0.0, strip-ansi@^6.0.1:
  version "6.0.1"
  resolved "https://registry.npmjs.org/strip-ansi/-/strip-ansi-6.0.1.tgz"
  integrity sha512-Y38VPSHcqkFrCpFnQ9vuSXmquuv5oXOKpGeT6aGrr3o3Gc9AlVa6JBfUSOCnbxGGZF+/0ooI7KrPuUSztUdU5A==
  dependencies:
    ansi-regex "^5.0.1"

supports-color@^7.1.0:
  version "7.2.0"
  resolved "https://registry.npmjs.org/supports-color/-/supports-color-7.2.0.tgz"
  integrity sha512-qpCAvRl9stuOHveKsn7HncJRvv501qIacKzQlO/+Lwxc9+0q2wLyv4Dfvt80/DPn2pqOBsJdDiogXGR9+OvwRw==
  dependencies:
    has-flag "^4.0.0"

tmp@^0.0.33:
  version "0.0.33"
  resolved "https://registry.npmjs.org/tmp/-/tmp-0.0.33.tgz"
  integrity sha512-jRCJlojKnZ3addtTOjdIqoRuPEKBvNXcGYqzO6zWZX8KfKEpnGY5jfggJQ3EjKuu8D4bJRr0y+cYJFmYbImXGw==
  dependencies:
    os-tmpdir "~1.0.2"

tslib@^2.1.0:
  version "2.7.0"
  resolved "https://registry.npmjs.org/tslib/-/tslib-2.7.0.tgz"
  integrity sha512-gLXCKdN1/j47AiHiOkJN69hJmcbGTHI0ImLmbYLHykhgeN0jVGola9yVjFgzCUklsZQMW55o+dW7IXv3RCXDzA==

type-fest@^0.21.3:
  version "0.21.3"
  resolved "https://registry.npmjs.org/type-fest/-/type-fest-0.21.3.tgz"
  integrity sha512-t0rzBq87m3fVcduHDUFhKmyyX+9eo6WQjZvf51Ea/M0Q7+T374Jp1aUiyUl0GKxp8M/OETVHSDvmkyPgvX+X2w==

typescript@^5.5.3:
  version "5.5.4"
  resolved "https://registry.npmjs.org/typescript/-/typescript-5.5.4.tgz"
  integrity sha512-Mtq29sKDAEYP7aljRgtPOpTvOfbwRWlS6dPRzwjdE+C0R4brX/GUyhHSecbHMFLNBLcJIPt9nl9yG5TZ1weH+Q==

undici-types@~6.19.2:
  version "6.19.8"
  resolved "https://registry.npmjs.org/undici-types/-/undici-types-6.19.8.tgz"
  integrity sha512-ve2KP6f/JnbPBFyobGHuerC9g1FYGn/F8n1LWTwNxCEzd6IfqTwUQcNXgEtmmQ6DlRrC1hrSrBnCZPokRrDHjw==

universalify@^2.0.0:
  version "2.0.1"
  resolved "https://registry.npmjs.org/universalify/-/universalify-2.0.1.tgz"
  integrity sha512-gptHNQghINnc/vTGIk0SOFGFNXw7JVrlRUtConJRlvaw6DuX0wO5Jeko9sWrMBhh+PsYAZ7oXAiOnf/UKogyiw==

vite@^5.4.1:
  version "5.4.2"
  resolved "https://registry.npmjs.org/vite/-/vite-5.4.2.tgz"
  integrity sha512-dDrQTRHp5C1fTFzcSaMxjk6vdpKvT+2/mIdE07Gw2ykehT49O0z/VHS3zZ8iV/Gh8BJJKHWOe5RjaNrW5xf/GA==
  dependencies:
    rollup "^4.20.0"
    esbuild "^0.21.3"
    postcss "^8.4.41"
  optionalDependencies:
    fsevents "~2.3.3"

wrap-ansi@^6.2.0:
  version "6.2.0"
  resolved "https://registry.npmjs.org/wrap-ansi/-/wrap-ansi-6.2.0.tgz"
  integrity sha512-r6lPcBGxZXlIcymEu7InxDMhdW0KDxpLgoFLcguasxCaJ/SOIZwINatK9KY/tf+ZrlywOKU0UDj3ATXUBfxJXA==
  dependencies:
    ansi-styles "^4.0.0"
    string-width "^4.1.0"
    strip-ansi "^6.0.0"

yoctocolors-cjs@^2.1.2:
  version "2.1.2"
  resolved "https://registry.npmjs.org/yoctocolors-cjs/-/yoctocolors-cjs-2.1.2.tgz"
  integrity sha512-cYVsTjKl8b+FrnidjibDWskAv7UKOfcwaVZdp/it9n1s9fU3IkgDbhdIRKCW4JDsAlECJY0ytoVPT3sK6kideA==
